
Microsoft Visual Studio Solution File, Format Version 12.00
# Visual Studio Version 17
VisualStudioVersion = 17.4.33205.214
MinimumVisualStudioVersion = 10.0.40219.1
Project("{9A19103F-16F7-4668-BE54-9A1E7A4F7556}") = "prjProductiveLab_B", "prjProductiveLab_B\prjProductiveLab_B.csproj", "{0003AF62-8CBF-43FA-B089-44B2F7B184F2}"
EndProject
Project("{9A19103F-16F7-4668-BE54-9A1E7A4F7556}") = "IdentityServer", "IdentityServer\IdentityServer.csproj", "{749988BA-2BCA-441B-AE6D-F3E3AE452B4D}"
EndProject
Project("{9A19103F-16F7-4668-BE54-9A1E7A4F7556}") = "ReproductiveLabDB", "ReproductiveLabDB\ReproductiveLabDB.csproj", "{4D95A058-5DE0-4D26-B910-1666E839C9C2}"
EndProject
Project("{9A19103F-16F7-4668-BE54-9A1E7A4F7556}") = "test", "test\test.csproj", "{507EDF34-A0A9-4692-8CAD-230EB1222E57}"
EndProject
Project("{FAE04EC0-301F-11D3-BF4B-00C04F79EFBC}") = "ReproductiveLab_Repository", "ReproductiveLab_Repository\ReproductiveLab_Repository.csproj", "{669BA0F4-8EC8-4362-AE36-8B0389A746CE}"
EndProject
Project("{FAE04EC0-301F-11D3-BF4B-00C04F79EFBC}") = "ReproductiveLab_Service", "ReproductiveLab_Service\ReproductiveLab_Service.csproj", "{1D791C66-5BAF-4EAE-9D62-193D363DAF2E}"
EndProject
Project("{FAE04EC0-301F-11D3-BF4B-00C04F79EFBC}") = "ReproductiveLab_Common", "ReproductiveLab_Common\ReproductiveLab_Common.csproj", "{9FBF96EF-1652-452D-B7F4-548C12DF1640}"
EndProject
Global
	GlobalSection(SolutionConfigurationPlatforms) = preSolution
		Debug|Any CPU = Debug|Any CPU
		Release|Any CPU = Release|Any CPU
	EndGlobalSection
	GlobalSection(ProjectConfigurationPlatforms) = postSolution
		{0003AF62-8CBF-43FA-B089-44B2F7B184F2}.Debug|Any CPU.ActiveCfg = Debug|Any CPU
		{0003AF62-8CBF-43FA-B089-44B2F7B184F2}.Debug|Any CPU.Build.0 = Debug|Any CPU
		{0003AF62-8CBF-43FA-B089-44B2F7B184F2}.Release|Any CPU.ActiveCfg = Release|Any CPU
		{0003AF62-8CBF-43FA-B089-44B2F7B184F2}.Release|Any CPU.Build.0 = Release|Any CPU
		{749988BA-2BCA-441B-AE6D-F3E3AE452B4D}.Debug|Any CPU.ActiveCfg = Debug|Any CPU
		{749988BA-2BCA-441B-AE6D-F3E3AE452B4D}.Debug|Any CPU.Build.0 = Debug|Any CPU
		{749988BA-2BCA-441B-AE6D-F3E3AE452B4D}.Release|Any CPU.ActiveCfg = Release|Any CPU
		{749988BA-2BCA-441B-AE6D-F3E3AE452B4D}.Release|Any CPU.Build.0 = Release|Any CPU
		{4D95A058-5DE0-4D26-B910-1666E839C9C2}.Debug|Any CPU.ActiveCfg = Debug|Any CPU
		{4D95A058-5DE0-4D26-B910-1666E839C9C2}.Debug|Any CPU.Build.0 = Debug|Any CPU
		{4D95A058-5DE0-4D26-B910-1666E839C9C2}.Release|Any CPU.ActiveCfg = Release|Any CPU
		{4D95A058-5DE0-4D26-B910-1666E839C9C2}.Release|Any CPU.Build.0 = Release|Any CPU
		{507EDF34-A0A9-4692-8CAD-230EB1222E57}.Debug|Any CPU.ActiveCfg = Debug|Any CPU
		{507EDF34-A0A9-4692-8CAD-230EB1222E57}.Debug|Any CPU.Build.0 = Debug|Any CPU
		{507EDF34-A0A9-4692-8CAD-230EB1222E57}.Release|Any CPU.ActiveCfg = Release|Any CPU
		{507EDF34-A0A9-4692-8CAD-230EB1222E57}.Release|Any CPU.Build.0 = Release|Any CPU
		{669BA0F4-8EC8-4362-AE36-8B0389A746CE}.Debug|Any CPU.ActiveCfg = Debug|Any CPU
		{669BA0F4-8EC8-4362-AE36-8B0389A746CE}.Debug|Any CPU.Build.0 = Debug|Any CPU
		{669BA0F4-8EC8-4362-AE36-8B0389A746CE}.Release|Any CPU.ActiveCfg = Release|Any CPU
		{669BA0F4-8EC8-4362-AE36-8B0389A746CE}.Release|Any CPU.Build.0 = Release|Any CPU
		{1D791C66-5BAF-4EAE-9D62-193D363DAF2E}.Debug|Any CPU.ActiveCfg = Debug|Any CPU
		{1D791C66-5BAF-4EAE-9D62-193D363DAF2E}.Debug|Any CPU.Build.0 = Debug|Any CPU
		{1D791C66-5BAF-4EAE-9D62-193D363DAF2E}.Release|Any CPU.ActiveCfg = Release|Any CPU
		{1D791C66-5BAF-4EAE-9D62-193D363DAF2E}.Release|Any CPU.Build.0 = Release|Any CPU
		{9FBF96EF-1652-452D-B7F4-548C12DF1640}.Debug|Any CPU.ActiveCfg = Debug|Any CPU
		{9FBF96EF-1652-452D-B7F4-548C12DF1640}.Debug|Any CPU.Build.0 = Debug|Any CPU
		{9FBF96EF-1652-452D-B7F4-548C12DF1640}.Release|Any CPU.ActiveCfg = Release|Any CPU
		{9FBF96EF-1652-452D-B7F4-548C12DF1640}.Release|Any CPU.Build.0 = Release|Any CPU
	EndGlobalSection
	GlobalSection(SolutionProperties) = preSolution
		HideSolutionNode = FALSE
	EndGlobalSection
	GlobalSection(ExtensibilityGlobals) = postSolution
		SolutionGuid = {2B05C7F0-E1DD-4C1D-8145-F8511C153EA3}
	EndGlobalSection
EndGlobal
